
Microsoft Visual Studio Solution File, Format Version 12.00
# Visual Studio 15
VisualStudioVersion = 15.0.27428.2037
MinimumVisualStudioVersion = 10.0.40219.1
Project("{2150E333-8FDC-42A3-9474-1A3956D46DE8}") = "WPF", "WPF", "{00E8EA10-9743-4304-BEB7-3FBEC5CE0CBE}"
EndProject
Project("{2150E333-8FDC-42A3-9474-1A3956D46DE8}") = "UWP", "UWP", "{CA4FD21B-6AAC-45C5-8548-9C155E8BFA8D}"
EndProject
Project("{2150E333-8FDC-42A3-9474-1A3956D46DE8}") = "Toolkit", "Toolkit", "{446DBC49-121D-41FD-AAF1-07DA977E329B}"
EndProject
Project("{2150E333-8FDC-42A3-9474-1A3956D46DE8}") = "Toolkit", "Toolkit", "{9015E992-BADB-49C7-9D1C-A3760A13D19A}"
EndProject
Project("{FAE04EC0-301F-11D3-BF4B-00C04F79EFBC}") = "BlackBee.Toolkit.UWP", "UWP\BlackBee.Toolkit.UWP\BlackBee.Toolkit.UWP.csproj", "{071A3383-9862-49BC-9A97-3BCD7135A393}"
EndProject
Project("{FAE04EC0-301F-11D3-BF4B-00C04F79EFBC}") = "BlackBee.Toolkit.WPF", "WPF\BlackBee.Toolkit.WPF\BlackBee.Toolkit.WPF.csproj", "{ABF7EAC0-E7FE-447D-9910-1D9DBE4003E8}"
EndProject
Project("{FAE04EC0-301F-11D3-BF4B-00C04F79EFBC}") = "BlackBee.Toolkit.Base.UWP", "UWP\Toolkit\BlackBee.Toolkit.Base.UWP\BlackBee.Toolkit.Base.UWP.csproj", "{FDB63608-CD75-40FC-929E-DCEA68B02B4F}"
EndProject
Project("{FAE04EC0-301F-11D3-BF4B-00C04F79EFBC}") = "BlackBee.Toolkit.Base.WPF", "WPF\Toolkit\BlackBee.Toolkit.Base.WPF\BlackBee.Toolkit.Base.WPF.csproj", "{785333A0-ED8F-4099-BA5E-C045666F5EEC}"
EndProject
Project("{2150E333-8FDC-42A3-9474-1A3956D46DE8}") = "Toolkit.Tests", "Toolkit.Tests", "{027CA7F1-E0BA-4EE1-94B3-64F2E96B9CAB}"
EndProject
Project("{2150E333-8FDC-42A3-9474-1A3956D46DE8}") = "Toolkit.Tests", "Toolkit.Tests", "{140060AA-CA73-4375-B9AC-1A8FE693ACF1}"
EndProject
Project("{FAE04EC0-301F-11D3-BF4B-00C04F79EFBC}") = "BlackBee.Toolkit.Base.WPF.Tests", "WPF\Toolkit.Tests\BlackBee.Toolkit.Base.WPF.Tests\BlackBee.Toolkit.Base.WPF.Tests.csproj", "{373D1197-3480-4850-A8F4-883A64023373}"
EndProject
Project("{FAE04EC0-301F-11D3-BF4B-00C04F79EFBC}") = "BlackBee.Toolkit.Base.UWP.Tests", "UWP\Toolkit.Tests\BlackBee.Toolkit.Base.UWP.Tests\BlackBee.Toolkit.Base.UWP.Tests.csproj", "{612565FC-AD27-4311-97CC-571F4BC58A3C}"
EndProject
Project("{2150E333-8FDC-42A3-9474-1A3956D46DE8}") = "NuGet", "NuGet", "{1B6022C4-1011-4ADE-A5E8-337157615970}"
	ProjectSection(SolutionItems) = preProject
		NuGet\BlackBee.ToolKit.nuspec = NuGet\BlackBee.ToolKit.nuspec
	EndProjectSection
EndProject
Project("{911E67C6-3D85-4FCE-B560-20A9C3E3FF48}") = "nuget", "NuGet\nuget.exe", "{CF282C5F-17E5-415C-82BA-3B18492C15C5}"
	ProjectSection(DebuggerProjectSystem) = preProject
		PortSupplier = 00000000-0000-0000-0000-000000000000
		Executable = C:\Users\Dioni\OneDrive\Git\GitHub\BlackBee.Toolkit\scr\BlackBee.Toolkit\NuGet\nuget.exe
		RemoteMachine = DESKTOP-O75RPGF
		StartingDirectory = C:\Users\Dioni\OneDrive\Git\GitHub\BlackBee.Toolkit\scr\BlackBee.Toolkit\NuGet
		Environment = Default
		LaunchingEngine = 00000000-0000-0000-0000-000000000000
		UseLegacyDebugEngines = No
		LaunchSQLEngine = No
		AttachLaunchAction = No
	EndProjectSection
EndProject
Project("{FAE04EC0-301F-11D3-BF4B-00C04F79EFBC}") = "BlackBee.Toolkit.Commands.WPF", "WPF\Toolkit\BlackBee.Toolkit.Commands.WPF\BlackBee.Toolkit.Commands.WPF.csproj", "{1A797F9D-12C7-461F-BFDF-55C1DBE171C2}"
EndProject
Project("{FAE04EC0-301F-11D3-BF4B-00C04F79EFBC}") = "BlackBee.Toolkit.Commands.UWP", "UWP\Toolkit\BlackBee.Toolkit.Commands.UWP\BlackBee.Toolkit.Commands.UWP.csproj", "{FBF8914E-9666-41BE-ACF8-30331254A46D}"
EndProject
Global
	GlobalSection(SolutionConfigurationPlatforms) = preSolution
		Debug|Any CPU = Debug|Any CPU
		Debug|ARM = Debug|ARM
		Debug|x64 = Debug|x64
		Debug|x86 = Debug|x86
		Release|Any CPU = Release|Any CPU
		Release|ARM = Release|ARM
		Release|x64 = Release|x64
		Release|x86 = Release|x86
	EndGlobalSection
	GlobalSection(ProjectConfigurationPlatforms) = postSolution
		{071A3383-9862-49BC-9A97-3BCD7135A393}.Debug|Any CPU.ActiveCfg = Debug|Any CPU
		{071A3383-9862-49BC-9A97-3BCD7135A393}.Debug|Any CPU.Build.0 = Debug|Any CPU
		{071A3383-9862-49BC-9A97-3BCD7135A393}.Debug|ARM.ActiveCfg = Debug|ARM
		{071A3383-9862-49BC-9A97-3BCD7135A393}.Debug|ARM.Build.0 = Debug|ARM
		{071A3383-9862-49BC-9A97-3BCD7135A393}.Debug|x64.ActiveCfg = Debug|x64
		{071A3383-9862-49BC-9A97-3BCD7135A393}.Debug|x64.Build.0 = Debug|x64
		{071A3383-9862-49BC-9A97-3BCD7135A393}.Debug|x86.ActiveCfg = Debug|x86
		{071A3383-9862-49BC-9A97-3BCD7135A393}.Debug|x86.Build.0 = Debug|x86
		{071A3383-9862-49BC-9A97-3BCD7135A393}.Release|Any CPU.ActiveCfg = Release|Any CPU
		{071A3383-9862-49BC-9A97-3BCD7135A393}.Release|Any CPU.Build.0 = Release|Any CPU
		{071A3383-9862-49BC-9A97-3BCD7135A393}.Release|ARM.ActiveCfg = Release|ARM
		{071A3383-9862-49BC-9A97-3BCD7135A393}.Release|ARM.Build.0 = Release|ARM
		{071A3383-9862-49BC-9A97-3BCD7135A393}.Release|x64.ActiveCfg = Release|x64
		{071A3383-9862-49BC-9A97-3BCD7135A393}.Release|x64.Build.0 = Release|x64
		{071A3383-9862-49BC-9A97-3BCD7135A393}.Release|x86.ActiveCfg = Release|x86
		{071A3383-9862-49BC-9A97-3BCD7135A393}.Release|x86.Build.0 = Release|x86
		{ABF7EAC0-E7FE-447D-9910-1D9DBE4003E8}.Debug|Any CPU.ActiveCfg = Debug|Any CPU
		{ABF7EAC0-E7FE-447D-9910-1D9DBE4003E8}.Debug|Any CPU.Build.0 = Debug|Any CPU
		{ABF7EAC0-E7FE-447D-9910-1D9DBE4003E8}.Debug|ARM.ActiveCfg = Debug|Any CPU
		{ABF7EAC0-E7FE-447D-9910-1D9DBE4003E8}.Debug|ARM.Build.0 = Debug|Any CPU
		{ABF7EAC0-E7FE-447D-9910-1D9DBE4003E8}.Debug|x64.ActiveCfg = Debug|Any CPU
		{ABF7EAC0-E7FE-447D-9910-1D9DBE4003E8}.Debug|x64.Build.0 = Debug|Any CPU
		{ABF7EAC0-E7FE-447D-9910-1D9DBE4003E8}.Debug|x86.ActiveCfg = Debug|Any CPU
		{ABF7EAC0-E7FE-447D-9910-1D9DBE4003E8}.Debug|x86.Build.0 = Debug|Any CPU
		{ABF7EAC0-E7FE-447D-9910-1D9DBE4003E8}.Release|Any CPU.ActiveCfg = Release|Any CPU
		{ABF7EAC0-E7FE-447D-9910-1D9DBE4003E8}.Release|Any CPU.Build.0 = Release|Any CPU
		{ABF7EAC0-E7FE-447D-9910-1D9DBE4003E8}.Release|ARM.ActiveCfg = Release|Any CPU
		{ABF7EAC0-E7FE-447D-9910-1D9DBE4003E8}.Release|ARM.Build.0 = Release|Any CPU
		{ABF7EAC0-E7FE-447D-9910-1D9DBE4003E8}.Release|x64.ActiveCfg = Release|Any CPU
		{ABF7EAC0-E7FE-447D-9910-1D9DBE4003E8}.Release|x64.Build.0 = Release|Any CPU
		{ABF7EAC0-E7FE-447D-9910-1D9DBE4003E8}.Release|x86.ActiveCfg = Release|Any CPU
		{ABF7EAC0-E7FE-447D-9910-1D9DBE4003E8}.Release|x86.Build.0 = Release|Any CPU
		{FDB63608-CD75-40FC-929E-DCEA68B02B4F}.Debug|Any CPU.ActiveCfg = Debug|Any CPU
		{FDB63608-CD75-40FC-929E-DCEA68B02B4F}.Debug|Any CPU.Build.0 = Debug|Any CPU
		{FDB63608-CD75-40FC-929E-DCEA68B02B4F}.Debug|ARM.ActiveCfg = Debug|ARM
		{FDB63608-CD75-40FC-929E-DCEA68B02B4F}.Debug|ARM.Build.0 = Debug|ARM
		{FDB63608-CD75-40FC-929E-DCEA68B02B4F}.Debug|x64.ActiveCfg = Debug|x64
		{FDB63608-CD75-40FC-929E-DCEA68B02B4F}.Debug|x64.Build.0 = Debug|x64
		{FDB63608-CD75-40FC-929E-DCEA68B02B4F}.Debug|x86.ActiveCfg = Debug|x86
		{FDB63608-CD75-40FC-929E-DCEA68B02B4F}.Debug|x86.Build.0 = Debug|x86
		{FDB63608-CD75-40FC-929E-DCEA68B02B4F}.Release|Any CPU.ActiveCfg = Release|Any CPU
		{FDB63608-CD75-40FC-929E-DCEA68B02B4F}.Release|Any CPU.Build.0 = Release|Any CPU
		{FDB63608-CD75-40FC-929E-DCEA68B02B4F}.Release|ARM.ActiveCfg = Release|ARM
		{FDB63608-CD75-40FC-929E-DCEA68B02B4F}.Release|ARM.Build.0 = Release|ARM
		{FDB63608-CD75-40FC-929E-DCEA68B02B4F}.Release|x64.ActiveCfg = Release|x64
		{FDB63608-CD75-40FC-929E-DCEA68B02B4F}.Release|x64.Build.0 = Release|x64
		{FDB63608-CD75-40FC-929E-DCEA68B02B4F}.Release|x86.ActiveCfg = Release|x86
		{FDB63608-CD75-40FC-929E-DCEA68B02B4F}.Release|x86.Build.0 = Release|x86
		{785333A0-ED8F-4099-BA5E-C045666F5EEC}.Debug|Any CPU.ActiveCfg = Debug|Any CPU
		{785333A0-ED8F-4099-BA5E-C045666F5EEC}.Debug|Any CPU.Build.0 = Debug|Any CPU
		{785333A0-ED8F-4099-BA5E-C045666F5EEC}.Debug|ARM.ActiveCfg = Debug|Any CPU
		{785333A0-ED8F-4099-BA5E-C045666F5EEC}.Debug|ARM.Build.0 = Debug|Any CPU
		{785333A0-ED8F-4099-BA5E-C045666F5EEC}.Debug|x64.ActiveCfg = Debug|Any CPU
		{785333A0-ED8F-4099-BA5E-C045666F5EEC}.Debug|x64.Build.0 = Debug|Any CPU
		{785333A0-ED8F-4099-BA5E-C045666F5EEC}.Debug|x86.ActiveCfg = Debug|Any CPU
		{785333A0-ED8F-4099-BA5E-C045666F5EEC}.Debug|x86.Build.0 = Debug|Any CPU
		{785333A0-ED8F-4099-BA5E-C045666F5EEC}.Release|Any CPU.ActiveCfg = Release|Any CPU
		{785333A0-ED8F-4099-BA5E-C045666F5EEC}.Release|Any CPU.Build.0 = Release|Any CPU
		{785333A0-ED8F-4099-BA5E-C045666F5EEC}.Release|ARM.ActiveCfg = Release|Any CPU
		{785333A0-ED8F-4099-BA5E-C045666F5EEC}.Release|ARM.Build.0 = Release|Any CPU
		{785333A0-ED8F-4099-BA5E-C045666F5EEC}.Release|x64.ActiveCfg = Release|Any CPU
		{785333A0-ED8F-4099-BA5E-C045666F5EEC}.Release|x64.Build.0 = Release|Any CPU
		{785333A0-ED8F-4099-BA5E-C045666F5EEC}.Release|x86.ActiveCfg = Release|Any CPU
		{785333A0-ED8F-4099-BA5E-C045666F5EEC}.Release|x86.Build.0 = Release|Any CPU
		{373D1197-3480-4850-A8F4-883A64023373}.Debug|Any CPU.ActiveCfg = Debug|Any CPU
		{373D1197-3480-4850-A8F4-883A64023373}.Debug|Any CPU.Build.0 = Debug|Any CPU
		{373D1197-3480-4850-A8F4-883A64023373}.Debug|ARM.ActiveCfg = Debug|Any CPU
		{373D1197-3480-4850-A8F4-883A64023373}.Debug|ARM.Build.0 = Debug|Any CPU
		{373D1197-3480-4850-A8F4-883A64023373}.Debug|x64.ActiveCfg = Debug|Any CPU
		{373D1197-3480-4850-A8F4-883A64023373}.Debug|x64.Build.0 = Debug|Any CPU
		{373D1197-3480-4850-A8F4-883A64023373}.Debug|x86.ActiveCfg = Debug|Any CPU
		{373D1197-3480-4850-A8F4-883A64023373}.Debug|x86.Build.0 = Debug|Any CPU
		{373D1197-3480-4850-A8F4-883A64023373}.Release|Any CPU.ActiveCfg = Release|Any CPU
		{373D1197-3480-4850-A8F4-883A64023373}.Release|Any CPU.Build.0 = Release|Any CPU
		{373D1197-3480-4850-A8F4-883A64023373}.Release|ARM.ActiveCfg = Release|Any CPU
		{373D1197-3480-4850-A8F4-883A64023373}.Release|ARM.Build.0 = Release|Any CPU
		{373D1197-3480-4850-A8F4-883A64023373}.Release|x64.ActiveCfg = Release|Any CPU
		{373D1197-3480-4850-A8F4-883A64023373}.Release|x64.Build.0 = Release|Any CPU
		{373D1197-3480-4850-A8F4-883A64023373}.Release|x86.ActiveCfg = Release|Any CPU
		{373D1197-3480-4850-A8F4-883A64023373}.Release|x86.Build.0 = Release|Any CPU
		{612565FC-AD27-4311-97CC-571F4BC58A3C}.Debug|Any CPU.ActiveCfg = Debug|x86
		{612565FC-AD27-4311-97CC-571F4BC58A3C}.Debug|ARM.ActiveCfg = Debug|ARM
		{612565FC-AD27-4311-97CC-571F4BC58A3C}.Debug|ARM.Build.0 = Debug|ARM
		{612565FC-AD27-4311-97CC-571F4BC58A3C}.Debug|ARM.Deploy.0 = Debug|ARM
		{612565FC-AD27-4311-97CC-571F4BC58A3C}.Debug|x64.ActiveCfg = Debug|x64
		{612565FC-AD27-4311-97CC-571F4BC58A3C}.Debug|x64.Build.0 = Debug|x64
		{612565FC-AD27-4311-97CC-571F4BC58A3C}.Debug|x64.Deploy.0 = Debug|x64
		{612565FC-AD27-4311-97CC-571F4BC58A3C}.Debug|x86.ActiveCfg = Debug|x86
		{612565FC-AD27-4311-97CC-571F4BC58A3C}.Debug|x86.Build.0 = Debug|x86
		{612565FC-AD27-4311-97CC-571F4BC58A3C}.Debug|x86.Deploy.0 = Debug|x86
		{612565FC-AD27-4311-97CC-571F4BC58A3C}.Release|Any CPU.ActiveCfg = Release|x86
		{612565FC-AD27-4311-97CC-571F4BC58A3C}.Release|ARM.ActiveCfg = Release|ARM
		{612565FC-AD27-4311-97CC-571F4BC58A3C}.Release|ARM.Build.0 = Release|ARM
		{612565FC-AD27-4311-97CC-571F4BC58A3C}.Release|ARM.Deploy.0 = Release|ARM
		{612565FC-AD27-4311-97CC-571F4BC58A3C}.Release|x64.ActiveCfg = Release|x64
		{612565FC-AD27-4311-97CC-571F4BC58A3C}.Release|x64.Build.0 = Release|x64
		{612565FC-AD27-4311-97CC-571F4BC58A3C}.Release|x64.Deploy.0 = Release|x64
		{612565FC-AD27-4311-97CC-571F4BC58A3C}.Release|x86.ActiveCfg = Release|x86
		{612565FC-AD27-4311-97CC-571F4BC58A3C}.Release|x86.Build.0 = Release|x86
		{612565FC-AD27-4311-97CC-571F4BC58A3C}.Release|x86.Deploy.0 = Release|x86
		{CF282C5F-17E5-415C-82BA-3B18492C15C5}.Debug|Any CPU.ActiveCfg = Release|Any CPU
		{CF282C5F-17E5-415C-82BA-3B18492C15C5}.Debug|ARM.ActiveCfg = Release|Any CPU
		{CF282C5F-17E5-415C-82BA-3B18492C15C5}.Debug|x64.ActiveCfg = Release|Any CPU
		{CF282C5F-17E5-415C-82BA-3B18492C15C5}.Debug|x86.ActiveCfg = Release|Any CPU
		{CF282C5F-17E5-415C-82BA-3B18492C15C5}.Release|Any CPU.ActiveCfg = Release|Any CPU
		{CF282C5F-17E5-415C-82BA-3B18492C15C5}.Release|ARM.ActiveCfg = Release|Any CPU
		{CF282C5F-17E5-415C-82BA-3B18492C15C5}.Release|x64.ActiveCfg = Release|Any CPU
		{CF282C5F-17E5-415C-82BA-3B18492C15C5}.Release|x86.ActiveCfg = Release|Any CPU
		{1A797F9D-12C7-461F-BFDF-55C1DBE171C2}.Debug|Any CPU.ActiveCfg = Debug|Any CPU
		{1A797F9D-12C7-461F-BFDF-55C1DBE171C2}.Debug|Any CPU.Build.0 = Debug|Any CPU
		{1A797F9D-12C7-461F-BFDF-55C1DBE171C2}.Debug|ARM.ActiveCfg = Debug|Any CPU
		{1A797F9D-12C7-461F-BFDF-55C1DBE171C2}.Debug|ARM.Build.0 = Debug|Any CPU
		{1A797F9D-12C7-461F-BFDF-55C1DBE171C2}.Debug|x64.ActiveCfg = Debug|Any CPU
		{1A797F9D-12C7-461F-BFDF-55C1DBE171C2}.Debug|x64.Build.0 = Debug|Any CPU
		{1A797F9D-12C7-461F-BFDF-55C1DBE171C2}.Debug|x86.ActiveCfg = Debug|Any CPU
		{1A797F9D-12C7-461F-BFDF-55C1DBE171C2}.Debug|x86.Build.0 = Debug|Any CPU
		{1A797F9D-12C7-461F-BFDF-55C1DBE171C2}.Release|Any CPU.ActiveCfg = Release|Any CPU
		{1A797F9D-12C7-461F-BFDF-55C1DBE171C2}.Release|Any CPU.Build.0 = Release|Any CPU
		{1A797F9D-12C7-461F-BFDF-55C1DBE171C2}.Release|ARM.ActiveCfg = Release|Any CPU
		{1A797F9D-12C7-461F-BFDF-55C1DBE171C2}.Release|ARM.Build.0 = Release|Any CPU
		{1A797F9D-12C7-461F-BFDF-55C1DBE171C2}.Release|x64.ActiveCfg = Release|Any CPU
		{1A797F9D-12C7-461F-BFDF-55C1DBE171C2}.Release|x64.Build.0 = Release|Any CPU
		{1A797F9D-12C7-461F-BFDF-55C1DBE171C2}.Release|x86.ActiveCfg = Release|Any CPU
		{1A797F9D-12C7-461F-BFDF-55C1DBE171C2}.Release|x86.Build.0 = Release|Any CPU
		{FBF8914E-9666-41BE-ACF8-30331254A46D}.Debug|Any CPU.ActiveCfg = Debug|Any CPU
		{FBF8914E-9666-41BE-ACF8-30331254A46D}.Debug|Any CPU.Build.0 = Debug|Any CPU
		{FBF8914E-9666-41BE-ACF8-30331254A46D}.Debug|ARM.ActiveCfg = Debug|ARM
		{FBF8914E-9666-41BE-ACF8-30331254A46D}.Debug|ARM.Build.0 = Debug|ARM
		{FBF8914E-9666-41BE-ACF8-30331254A46D}.Debug|x64.ActiveCfg = Debug|x64
		{FBF8914E-9666-41BE-ACF8-30331254A46D}.Debug|x64.Build.0 = Debug|x64
		{FBF8914E-9666-41BE-ACF8-30331254A46D}.Debug|x86.ActiveCfg = Debug|x86
		{FBF8914E-9666-41BE-ACF8-30331254A46D}.Debug|x86.Build.0 = Debug|x86
		{FBF8914E-9666-41BE-ACF8-30331254A46D}.Release|Any CPU.ActiveCfg = Release|Any CPU
		{FBF8914E-9666-41BE-ACF8-30331254A46D}.Release|Any CPU.Build.0 = Release|Any CPU
		{FBF8914E-9666-41BE-ACF8-30331254A46D}.Release|ARM.ActiveCfg = Release|ARM
		{FBF8914E-9666-41BE-ACF8-30331254A46D}.Release|ARM.Build.0 = Release|ARM
		{FBF8914E-9666-41BE-ACF8-30331254A46D}.Release|x64.ActiveCfg = Release|x64
		{FBF8914E-9666-41BE-ACF8-30331254A46D}.Release|x64.Build.0 = Release|x64
		{FBF8914E-9666-41BE-ACF8-30331254A46D}.Release|x86.ActiveCfg = Release|x86
		{FBF8914E-9666-41BE-ACF8-30331254A46D}.Release|x86.Build.0 = Release|x86
	EndGlobalSection
	GlobalSection(SolutionProperties) = preSolution
		HideSolutionNode = FALSE
	EndGlobalSection
	GlobalSection(NestedProjects) = preSolution
		{446DBC49-121D-41FD-AAF1-07DA977E329B} = {CA4FD21B-6AAC-45C5-8548-9C155E8BFA8D}
		{9015E992-BADB-49C7-9D1C-A3760A13D19A} = {00E8EA10-9743-4304-BEB7-3FBEC5CE0CBE}
		{071A3383-9862-49BC-9A97-3BCD7135A393} = {CA4FD21B-6AAC-45C5-8548-9C155E8BFA8D}
		{ABF7EAC0-E7FE-447D-9910-1D9DBE4003E8} = {00E8EA10-9743-4304-BEB7-3FBEC5CE0CBE}
		{FDB63608-CD75-40FC-929E-DCEA68B02B4F} = {446DBC49-121D-41FD-AAF1-07DA977E329B}
		{785333A0-ED8F-4099-BA5E-C045666F5EEC} = {9015E992-BADB-49C7-9D1C-A3760A13D19A}
		{027CA7F1-E0BA-4EE1-94B3-64F2E96B9CAB} = {CA4FD21B-6AAC-45C5-8548-9C155E8BFA8D}
		{140060AA-CA73-4375-B9AC-1A8FE693ACF1} = {00E8EA10-9743-4304-BEB7-3FBEC5CE0CBE}
		{373D1197-3480-4850-A8F4-883A64023373} = {140060AA-CA73-4375-B9AC-1A8FE693ACF1}
		{612565FC-AD27-4311-97CC-571F4BC58A3C} = {027CA7F1-E0BA-4EE1-94B3-64F2E96B9CAB}
		{CF282C5F-17E5-415C-82BA-3B18492C15C5} = {1B6022C4-1011-4ADE-A5E8-337157615970}
		{1A797F9D-12C7-461F-BFDF-55C1DBE171C2} = {9015E992-BADB-49C7-9D1C-A3760A13D19A}
		{FBF8914E-9666-41BE-ACF8-30331254A46D} = {446DBC49-121D-41FD-AAF1-07DA977E329B}
	EndGlobalSection
	GlobalSection(ExtensibilityGlobals) = postSolution
		SolutionGuid = {CA7DD670-225B-4E56-B3FD-0875086B6F9A}
	EndGlobalSection
EndGlobal
