
Microsoft Visual Studio Solution File, Format Version 12.00
# Visual Studio 15
VisualStudioVersion = 15.0.27428.2037
MinimumVisualStudioVersion = 10.0.40219.1
Project("{2150E333-8FDC-42A3-9474-1A3956D46DE8}") = "WPF", "WPF", "{00E8EA10-9743-4304-BEB7-3FBEC5CE0CBE}"
EndProject
Project("{2150E333-8FDC-42A3-9474-1A3956D46DE8}") = "UWP", "UWP", "{CA4FD21B-6AAC-45C5-8548-9C155E8BFA8D}"
EndProject
Project("{FAE04EC0-301F-11D3-BF4B-00C04F79EFBC}") = "BlackBee.Toolkit.UWP", "BlackBee.Toolkit.UWP\BlackBee.Toolkit.UWP.csproj", "{071A3383-9862-49BC-9A97-3BCD7135A393}"
EndProject
Project("{FAE04EC0-301F-11D3-BF4B-00C04F79EFBC}") = "BlackBee.Toolkit.WPF", "BlackBee.Toolkit.WPF\BlackBee.Toolkit.WPF.csproj", "{ABF7EAC0-E7FE-447D-9910-1D9DBE4003E8}"
EndProject
Global
	GlobalSection(SolutionConfigurationPlatforms) = preSolution
		Debug|Any CPU = Debug|Any CPU
		Debug|ARM = Debug|ARM
		Debug|x64 = Debug|x64
		Debug|x86 = Debug|x86
		Release|Any CPU = Release|Any CPU
		Release|ARM = Release|ARM
		Release|x64 = Release|x64
		Release|x86 = Release|x86
	EndGlobalSection
	GlobalSection(ProjectConfigurationPlatforms) = postSolution
		{071A3383-9862-49BC-9A97-3BCD7135A393}.Debug|Any CPU.ActiveCfg = Debug|Any CPU
		{071A3383-9862-49BC-9A97-3BCD7135A393}.Debug|Any CPU.Build.0 = Debug|Any CPU
		{071A3383-9862-49BC-9A97-3BCD7135A393}.Debug|ARM.ActiveCfg = Debug|ARM
		{071A3383-9862-49BC-9A97-3BCD7135A393}.Debug|ARM.Build.0 = Debug|ARM
		{071A3383-9862-49BC-9A97-3BCD7135A393}.Debug|x64.ActiveCfg = Debug|x64
		{071A3383-9862-49BC-9A97-3BCD7135A393}.Debug|x64.Build.0 = Debug|x64
		{071A3383-9862-49BC-9A97-3BCD7135A393}.Debug|x86.ActiveCfg = Debug|x86
		{071A3383-9862-49BC-9A97-3BCD7135A393}.Debug|x86.Build.0 = Debug|x86
		{071A3383-9862-49BC-9A97-3BCD7135A393}.Release|Any CPU.ActiveCfg = Release|Any CPU
		{071A3383-9862-49BC-9A97-3BCD7135A393}.Release|Any CPU.Build.0 = Release|Any CPU
		{071A3383-9862-49BC-9A97-3BCD7135A393}.Release|ARM.ActiveCfg = Release|ARM
		{071A3383-9862-49BC-9A97-3BCD7135A393}.Release|ARM.Build.0 = Release|ARM
		{071A3383-9862-49BC-9A97-3BCD7135A393}.Release|x64.ActiveCfg = Release|x64
		{071A3383-9862-49BC-9A97-3BCD7135A393}.Release|x64.Build.0 = Release|x64
		{071A3383-9862-49BC-9A97-3BCD7135A393}.Release|x86.ActiveCfg = Release|x86
		{071A3383-9862-49BC-9A97-3BCD7135A393}.Release|x86.Build.0 = Release|x86
		{ABF7EAC0-E7FE-447D-9910-1D9DBE4003E8}.Debug|Any CPU.ActiveCfg = Debug|Any CPU
		{ABF7EAC0-E7FE-447D-9910-1D9DBE4003E8}.Debug|Any CPU.Build.0 = Debug|Any CPU
		{ABF7EAC0-E7FE-447D-9910-1D9DBE4003E8}.Debug|ARM.ActiveCfg = Debug|Any CPU
		{ABF7EAC0-E7FE-447D-9910-1D9DBE4003E8}.Debug|ARM.Build.0 = Debug|Any CPU
		{ABF7EAC0-E7FE-447D-9910-1D9DBE4003E8}.Debug|x64.ActiveCfg = Debug|Any CPU
		{ABF7EAC0-E7FE-447D-9910-1D9DBE4003E8}.Debug|x64.Build.0 = Debug|Any CPU
		{ABF7EAC0-E7FE-447D-9910-1D9DBE4003E8}.Debug|x86.ActiveCfg = Debug|Any CPU
		{ABF7EAC0-E7FE-447D-9910-1D9DBE4003E8}.Debug|x86.Build.0 = Debug|Any CPU
		{ABF7EAC0-E7FE-447D-9910-1D9DBE4003E8}.Release|Any CPU.ActiveCfg = Release|Any CPU
		{ABF7EAC0-E7FE-447D-9910-1D9DBE4003E8}.Release|Any CPU.Build.0 = Release|Any CPU
		{ABF7EAC0-E7FE-447D-9910-1D9DBE4003E8}.Release|ARM.ActiveCfg = Release|Any CPU
		{ABF7EAC0-E7FE-447D-9910-1D9DBE4003E8}.Release|ARM.Build.0 = Release|Any CPU
		{ABF7EAC0-E7FE-447D-9910-1D9DBE4003E8}.Release|x64.ActiveCfg = Release|Any CPU
		{ABF7EAC0-E7FE-447D-9910-1D9DBE4003E8}.Release|x64.Build.0 = Release|Any CPU
		{ABF7EAC0-E7FE-447D-9910-1D9DBE4003E8}.Release|x86.ActiveCfg = Release|Any CPU
		{ABF7EAC0-E7FE-447D-9910-1D9DBE4003E8}.Release|x86.Build.0 = Release|Any CPU
	EndGlobalSection
	GlobalSection(SolutionProperties) = preSolution
		HideSolutionNode = FALSE
	EndGlobalSection
	GlobalSection(NestedProjects) = preSolution
		{071A3383-9862-49BC-9A97-3BCD7135A393} = {CA4FD21B-6AAC-45C5-8548-9C155E8BFA8D}
		{ABF7EAC0-E7FE-447D-9910-1D9DBE4003E8} = {00E8EA10-9743-4304-BEB7-3FBEC5CE0CBE}
	EndGlobalSection
	GlobalSection(ExtensibilityGlobals) = postSolution
		SolutionGuid = {CA7DD670-225B-4E56-B3FD-0875086B6F9A}
	EndGlobalSection
EndGlobal
