
Microsoft Visual Studio Solution File, Format Version 12.00
# Visual Studio 15
VisualStudioVersion = 15.0.27428.2011
MinimumVisualStudioVersion = 10.0.40219.1
Project("{FAE04EC0-301F-11D3-BF4B-00C04F79EFBC}") = "BlackBee.Toolkit", "BlackBee.Toolkit\BlackBee.Toolkit.csproj", "{C6E29E63-BA4B-48B9-8685-63A3EA0BE54A}"
EndProject
Project("{FAE04EC0-301F-11D3-BF4B-00C04F79EFBC}") = "BlackBee.Toolkit.Commands", "BlackBee.Toolkit.Commands\BlackBee.Toolkit.Commands.csproj", "{7CBA2F8C-E1A2-4E4D-9F56-92DE7A1890E1}"
EndProject
Project("{FAE04EC0-301F-11D3-BF4B-00C04F79EFBC}") = "BlackBee.Toolkit.Base", "BlackBee.Toolkit.Base\BlackBee.Toolkit.Base.csproj", "{E0DBA13B-0D7E-4367-ADA6-62B862D1DFBF}"
EndProject
Project("{2150E333-8FDC-42A3-9474-1A3956D46DE8}") = "UWP", "UWP", "{9431E7BC-F2A6-4265-BBD8-0E4EF97C2AAC}"
EndProject
Project("{2150E333-8FDC-42A3-9474-1A3956D46DE8}") = "WPF", "WPF", "{237D0366-3DC7-4889-93A7-7F76B7B4AF1F}"
EndProject
Project("{FAE04EC0-301F-11D3-BF4B-00C04F79EFBC}") = "BlackBee.Toolkit.UWP", "BlackBee.Toolkit.UWP\BlackBee.Toolkit.UWP.csproj", "{BFC9A7B4-6A0B-4A0A-972F-821F414FB9D0}"
EndProject
Project("{FAE04EC0-301F-11D3-BF4B-00C04F79EFBC}") = "BlackBee.Toolkit.Base.UWP", "BlackBee.Toolkit.Base.UWP\BlackBee.Toolkit.Base.UWP.csproj", "{B1BF12D2-DF6F-4410-81A4-1B3ACD8ADEF8}"
EndProject
Global
	GlobalSection(SolutionConfigurationPlatforms) = preSolution
		Debug|Any CPU = Debug|Any CPU
		Debug|ARM = Debug|ARM
		Debug|x64 = Debug|x64
		Debug|x86 = Debug|x86
		Release|Any CPU = Release|Any CPU
		Release|ARM = Release|ARM
		Release|x64 = Release|x64
		Release|x86 = Release|x86
	EndGlobalSection
	GlobalSection(ProjectConfigurationPlatforms) = postSolution
		{C6E29E63-BA4B-48B9-8685-63A3EA0BE54A}.Debug|Any CPU.ActiveCfg = Debug|Any CPU
		{C6E29E63-BA4B-48B9-8685-63A3EA0BE54A}.Debug|Any CPU.Build.0 = Debug|Any CPU
		{C6E29E63-BA4B-48B9-8685-63A3EA0BE54A}.Debug|ARM.ActiveCfg = Debug|Any CPU
		{C6E29E63-BA4B-48B9-8685-63A3EA0BE54A}.Debug|ARM.Build.0 = Debug|Any CPU
		{C6E29E63-BA4B-48B9-8685-63A3EA0BE54A}.Debug|x64.ActiveCfg = Debug|Any CPU
		{C6E29E63-BA4B-48B9-8685-63A3EA0BE54A}.Debug|x64.Build.0 = Debug|Any CPU
		{C6E29E63-BA4B-48B9-8685-63A3EA0BE54A}.Debug|x86.ActiveCfg = Debug|Any CPU
		{C6E29E63-BA4B-48B9-8685-63A3EA0BE54A}.Debug|x86.Build.0 = Debug|Any CPU
		{C6E29E63-BA4B-48B9-8685-63A3EA0BE54A}.Release|Any CPU.ActiveCfg = Release|Any CPU
		{C6E29E63-BA4B-48B9-8685-63A3EA0BE54A}.Release|Any CPU.Build.0 = Release|Any CPU
		{C6E29E63-BA4B-48B9-8685-63A3EA0BE54A}.Release|ARM.ActiveCfg = Release|Any CPU
		{C6E29E63-BA4B-48B9-8685-63A3EA0BE54A}.Release|ARM.Build.0 = Release|Any CPU
		{C6E29E63-BA4B-48B9-8685-63A3EA0BE54A}.Release|x64.ActiveCfg = Release|Any CPU
		{C6E29E63-BA4B-48B9-8685-63A3EA0BE54A}.Release|x64.Build.0 = Release|Any CPU
		{C6E29E63-BA4B-48B9-8685-63A3EA0BE54A}.Release|x86.ActiveCfg = Release|Any CPU
		{C6E29E63-BA4B-48B9-8685-63A3EA0BE54A}.Release|x86.Build.0 = Release|Any CPU
		{7CBA2F8C-E1A2-4E4D-9F56-92DE7A1890E1}.Debug|Any CPU.ActiveCfg = Debug|Any CPU
		{7CBA2F8C-E1A2-4E4D-9F56-92DE7A1890E1}.Debug|Any CPU.Build.0 = Debug|Any CPU
		{7CBA2F8C-E1A2-4E4D-9F56-92DE7A1890E1}.Debug|ARM.ActiveCfg = Debug|Any CPU
		{7CBA2F8C-E1A2-4E4D-9F56-92DE7A1890E1}.Debug|ARM.Build.0 = Debug|Any CPU
		{7CBA2F8C-E1A2-4E4D-9F56-92DE7A1890E1}.Debug|x64.ActiveCfg = Debug|Any CPU
		{7CBA2F8C-E1A2-4E4D-9F56-92DE7A1890E1}.Debug|x64.Build.0 = Debug|Any CPU
		{7CBA2F8C-E1A2-4E4D-9F56-92DE7A1890E1}.Debug|x86.ActiveCfg = Debug|Any CPU
		{7CBA2F8C-E1A2-4E4D-9F56-92DE7A1890E1}.Debug|x86.Build.0 = Debug|Any CPU
		{7CBA2F8C-E1A2-4E4D-9F56-92DE7A1890E1}.Release|Any CPU.ActiveCfg = Release|Any CPU
		{7CBA2F8C-E1A2-4E4D-9F56-92DE7A1890E1}.Release|Any CPU.Build.0 = Release|Any CPU
		{7CBA2F8C-E1A2-4E4D-9F56-92DE7A1890E1}.Release|ARM.ActiveCfg = Release|Any CPU
		{7CBA2F8C-E1A2-4E4D-9F56-92DE7A1890E1}.Release|ARM.Build.0 = Release|Any CPU
		{7CBA2F8C-E1A2-4E4D-9F56-92DE7A1890E1}.Release|x64.ActiveCfg = Release|Any CPU
		{7CBA2F8C-E1A2-4E4D-9F56-92DE7A1890E1}.Release|x64.Build.0 = Release|Any CPU
		{7CBA2F8C-E1A2-4E4D-9F56-92DE7A1890E1}.Release|x86.ActiveCfg = Release|Any CPU
		{7CBA2F8C-E1A2-4E4D-9F56-92DE7A1890E1}.Release|x86.Build.0 = Release|Any CPU
		{E0DBA13B-0D7E-4367-ADA6-62B862D1DFBF}.Debug|Any CPU.ActiveCfg = Debug|Any CPU
		{E0DBA13B-0D7E-4367-ADA6-62B862D1DFBF}.Debug|Any CPU.Build.0 = Debug|Any CPU
		{E0DBA13B-0D7E-4367-ADA6-62B862D1DFBF}.Debug|ARM.ActiveCfg = Debug|Any CPU
		{E0DBA13B-0D7E-4367-ADA6-62B862D1DFBF}.Debug|ARM.Build.0 = Debug|Any CPU
		{E0DBA13B-0D7E-4367-ADA6-62B862D1DFBF}.Debug|x64.ActiveCfg = Debug|Any CPU
		{E0DBA13B-0D7E-4367-ADA6-62B862D1DFBF}.Debug|x64.Build.0 = Debug|Any CPU
		{E0DBA13B-0D7E-4367-ADA6-62B862D1DFBF}.Debug|x86.ActiveCfg = Debug|Any CPU
		{E0DBA13B-0D7E-4367-ADA6-62B862D1DFBF}.Debug|x86.Build.0 = Debug|Any CPU
		{E0DBA13B-0D7E-4367-ADA6-62B862D1DFBF}.Release|Any CPU.ActiveCfg = Release|Any CPU
		{E0DBA13B-0D7E-4367-ADA6-62B862D1DFBF}.Release|Any CPU.Build.0 = Release|Any CPU
		{E0DBA13B-0D7E-4367-ADA6-62B862D1DFBF}.Release|ARM.ActiveCfg = Release|Any CPU
		{E0DBA13B-0D7E-4367-ADA6-62B862D1DFBF}.Release|ARM.Build.0 = Release|Any CPU
		{E0DBA13B-0D7E-4367-ADA6-62B862D1DFBF}.Release|x64.ActiveCfg = Release|Any CPU
		{E0DBA13B-0D7E-4367-ADA6-62B862D1DFBF}.Release|x64.Build.0 = Release|Any CPU
		{E0DBA13B-0D7E-4367-ADA6-62B862D1DFBF}.Release|x86.ActiveCfg = Release|Any CPU
		{E0DBA13B-0D7E-4367-ADA6-62B862D1DFBF}.Release|x86.Build.0 = Release|Any CPU
		{BFC9A7B4-6A0B-4A0A-972F-821F414FB9D0}.Debug|Any CPU.ActiveCfg = Debug|Any CPU
		{BFC9A7B4-6A0B-4A0A-972F-821F414FB9D0}.Debug|Any CPU.Build.0 = Debug|Any CPU
		{BFC9A7B4-6A0B-4A0A-972F-821F414FB9D0}.Debug|ARM.ActiveCfg = Debug|ARM
		{BFC9A7B4-6A0B-4A0A-972F-821F414FB9D0}.Debug|ARM.Build.0 = Debug|ARM
		{BFC9A7B4-6A0B-4A0A-972F-821F414FB9D0}.Debug|x64.ActiveCfg = Debug|x64
		{BFC9A7B4-6A0B-4A0A-972F-821F414FB9D0}.Debug|x64.Build.0 = Debug|x64
		{BFC9A7B4-6A0B-4A0A-972F-821F414FB9D0}.Debug|x86.ActiveCfg = Debug|x86
		{BFC9A7B4-6A0B-4A0A-972F-821F414FB9D0}.Debug|x86.Build.0 = Debug|x86
		{BFC9A7B4-6A0B-4A0A-972F-821F414FB9D0}.Release|Any CPU.ActiveCfg = Release|Any CPU
		{BFC9A7B4-6A0B-4A0A-972F-821F414FB9D0}.Release|Any CPU.Build.0 = Release|Any CPU
		{BFC9A7B4-6A0B-4A0A-972F-821F414FB9D0}.Release|ARM.ActiveCfg = Release|ARM
		{BFC9A7B4-6A0B-4A0A-972F-821F414FB9D0}.Release|ARM.Build.0 = Release|ARM
		{BFC9A7B4-6A0B-4A0A-972F-821F414FB9D0}.Release|x64.ActiveCfg = Release|x64
		{BFC9A7B4-6A0B-4A0A-972F-821F414FB9D0}.Release|x64.Build.0 = Release|x64
		{BFC9A7B4-6A0B-4A0A-972F-821F414FB9D0}.Release|x86.ActiveCfg = Release|x86
		{BFC9A7B4-6A0B-4A0A-972F-821F414FB9D0}.Release|x86.Build.0 = Release|x86
		{B1BF12D2-DF6F-4410-81A4-1B3ACD8ADEF8}.Debug|Any CPU.ActiveCfg = Debug|Any CPU
		{B1BF12D2-DF6F-4410-81A4-1B3ACD8ADEF8}.Debug|Any CPU.Build.0 = Debug|Any CPU
		{B1BF12D2-DF6F-4410-81A4-1B3ACD8ADEF8}.Debug|ARM.ActiveCfg = Debug|ARM
		{B1BF12D2-DF6F-4410-81A4-1B3ACD8ADEF8}.Debug|ARM.Build.0 = Debug|ARM
		{B1BF12D2-DF6F-4410-81A4-1B3ACD8ADEF8}.Debug|x64.ActiveCfg = Debug|x64
		{B1BF12D2-DF6F-4410-81A4-1B3ACD8ADEF8}.Debug|x64.Build.0 = Debug|x64
		{B1BF12D2-DF6F-4410-81A4-1B3ACD8ADEF8}.Debug|x86.ActiveCfg = Debug|x86
		{B1BF12D2-DF6F-4410-81A4-1B3ACD8ADEF8}.Debug|x86.Build.0 = Debug|x86
		{B1BF12D2-DF6F-4410-81A4-1B3ACD8ADEF8}.Release|Any CPU.ActiveCfg = Release|Any CPU
		{B1BF12D2-DF6F-4410-81A4-1B3ACD8ADEF8}.Release|Any CPU.Build.0 = Release|Any CPU
		{B1BF12D2-DF6F-4410-81A4-1B3ACD8ADEF8}.Release|ARM.ActiveCfg = Release|ARM
		{B1BF12D2-DF6F-4410-81A4-1B3ACD8ADEF8}.Release|ARM.Build.0 = Release|ARM
		{B1BF12D2-DF6F-4410-81A4-1B3ACD8ADEF8}.Release|x64.ActiveCfg = Release|x64
		{B1BF12D2-DF6F-4410-81A4-1B3ACD8ADEF8}.Release|x64.Build.0 = Release|x64
		{B1BF12D2-DF6F-4410-81A4-1B3ACD8ADEF8}.Release|x86.ActiveCfg = Release|x86
		{B1BF12D2-DF6F-4410-81A4-1B3ACD8ADEF8}.Release|x86.Build.0 = Release|x86
	EndGlobalSection
	GlobalSection(SolutionProperties) = preSolution
		HideSolutionNode = FALSE
	EndGlobalSection
	GlobalSection(NestedProjects) = preSolution
		{C6E29E63-BA4B-48B9-8685-63A3EA0BE54A} = {237D0366-3DC7-4889-93A7-7F76B7B4AF1F}
		{7CBA2F8C-E1A2-4E4D-9F56-92DE7A1890E1} = {237D0366-3DC7-4889-93A7-7F76B7B4AF1F}
		{E0DBA13B-0D7E-4367-ADA6-62B862D1DFBF} = {237D0366-3DC7-4889-93A7-7F76B7B4AF1F}
		{BFC9A7B4-6A0B-4A0A-972F-821F414FB9D0} = {9431E7BC-F2A6-4265-BBD8-0E4EF97C2AAC}
		{B1BF12D2-DF6F-4410-81A4-1B3ACD8ADEF8} = {9431E7BC-F2A6-4265-BBD8-0E4EF97C2AAC}
	EndGlobalSection
	GlobalSection(ExtensibilityGlobals) = postSolution
		SolutionGuid = {BD0652E7-5F2E-4068-BB38-09127AC17951}
	EndGlobalSection
EndGlobal
