
Microsoft Visual Studio Solution File, Format Version 12.00
# Visual Studio 15
VisualStudioVersion = 15.0.27428.2011
MinimumVisualStudioVersion = 10.0.40219.1
Project("{2150E333-8FDC-42A3-9474-1A3956D46DE8}") = "UWP", "UWP", "{9431E7BC-F2A6-4265-BBD8-0E4EF97C2AAC}"
EndProject
Project("{2150E333-8FDC-42A3-9474-1A3956D46DE8}") = "WPF", "WPF", "{237D0366-3DC7-4889-93A7-7F76B7B4AF1F}"
EndProject
Project("{FAE04EC0-301F-11D3-BF4B-00C04F79EFBC}") = "BlackBee.Toolkit.Base.WPF", "WPF\BlackBee.Toolkit.Base\BlackBee.Toolkit.Base.WPF.csproj", "{E0DBA13B-0D7E-4367-ADA6-62B862D1DFBF}"
EndProject
Project("{FAE04EC0-301F-11D3-BF4B-00C04F79EFBC}") = "BlackBee.Toolkit.Commands.WPF", "WPF\BlackBee.Toolkit.Commands\BlackBee.Toolkit.Commands.WPF.csproj", "{7CBA2F8C-E1A2-4E4D-9F56-92DE7A1890E1}"
EndProject
Project("{FAE04EC0-301F-11D3-BF4B-00C04F79EFBC}") = "BlackBee.Toolkit.Base.UWP", "UWP\BlackBee.Toolkit.Base.UWP\BlackBee.Toolkit.Base.UWP.csproj", "{5EFB112B-0A94-4E45-9C4B-8283A1BAC4BC}"
EndProject
Project("{FAE04EC0-301F-11D3-BF4B-00C04F79EFBC}") = "BlackBee.Toolkit.Commands.UWP", "UWP\BlackBee.Toolkit.Commands.UWP\BlackBee.Toolkit.Commands.UWP.csproj", "{E2925484-044C-4E8C-8350-7689D49642C9}"
EndProject
Project("{FAE04EC0-301F-11D3-BF4B-00C04F79EFBC}") = "BlackBee.Toolkit", "BlackBee.Toolkit\BlackBee.Toolkit.csproj", "{EDBDF01F-74CD-4F00-8AB2-4F399C4E9379}"
EndProject
Project("{FAE04EC0-301F-11D3-BF4B-00C04F79EFBC}") = "BlackBee.Toolkit.Controls", "WPF\BlackBee.Toolkit.Controls\BlackBee.Toolkit.Controls.csproj", "{9E1B37DE-C469-4510-90C0-5D06F58BD204}"
EndProject
Project("{FAE04EC0-301F-11D3-BF4B-00C04F79EFBC}") = "BlackBee.Toolkit.Controls", "UWP\BlackBee.Toolkit.Controls\BlackBee.Toolkit.Controls.csproj", "{A052D210-DCAC-442A-AFB7-F44511D98B6B}"
EndProject
Project("{FAE04EC0-301F-11D3-BF4B-00C04F79EFBC}") = "BlackBee.Toolkit.UWP", "BlackBee.Toolkit.UWP\BlackBee.Toolkit.UWP.csproj", "{AEB2A7DE-F4E8-4AB3-AF42-FFAA9524BA66}"
EndProject
Project("{FAE04EC0-301F-11D3-BF4B-00C04F79EFBC}") = "BlackBee.Toolkit.WPF", "BlackBee.Toolkit.WPF\BlackBee.Toolkit.WPF.csproj", "{CF3DF739-E0BA-4386-8243-B83025899853}"
EndProject
Project("{FAE04EC0-301F-11D3-BF4B-00C04F79EFBC}") = "BlackBee.Toolkit.Rest", "WPF\BlackBee.Toolkit.Rest\BlackBee.Toolkit.Rest.csproj", "{F9B5F931-0E12-40CE-83B7-AFA2C9B432B6}"
EndProject
Global
	GlobalSection(SolutionConfigurationPlatforms) = preSolution
		Debug|Any CPU = Debug|Any CPU
		Debug|ARM = Debug|ARM
		Debug|x64 = Debug|x64
		Debug|x86 = Debug|x86
		Release|Any CPU = Release|Any CPU
		Release|ARM = Release|ARM
		Release|x64 = Release|x64
		Release|x86 = Release|x86
	EndGlobalSection
	GlobalSection(ProjectConfigurationPlatforms) = postSolution
		{E0DBA13B-0D7E-4367-ADA6-62B862D1DFBF}.Debug|Any CPU.ActiveCfg = Debug|Any CPU
		{E0DBA13B-0D7E-4367-ADA6-62B862D1DFBF}.Debug|Any CPU.Build.0 = Debug|Any CPU
		{E0DBA13B-0D7E-4367-ADA6-62B862D1DFBF}.Debug|ARM.ActiveCfg = Debug|Any CPU
		{E0DBA13B-0D7E-4367-ADA6-62B862D1DFBF}.Debug|ARM.Build.0 = Debug|Any CPU
		{E0DBA13B-0D7E-4367-ADA6-62B862D1DFBF}.Debug|x64.ActiveCfg = Debug|Any CPU
		{E0DBA13B-0D7E-4367-ADA6-62B862D1DFBF}.Debug|x64.Build.0 = Debug|Any CPU
		{E0DBA13B-0D7E-4367-ADA6-62B862D1DFBF}.Debug|x86.ActiveCfg = Debug|Any CPU
		{E0DBA13B-0D7E-4367-ADA6-62B862D1DFBF}.Debug|x86.Build.0 = Debug|Any CPU
		{E0DBA13B-0D7E-4367-ADA6-62B862D1DFBF}.Release|Any CPU.ActiveCfg = Release|Any CPU
		{E0DBA13B-0D7E-4367-ADA6-62B862D1DFBF}.Release|Any CPU.Build.0 = Release|Any CPU
		{E0DBA13B-0D7E-4367-ADA6-62B862D1DFBF}.Release|ARM.ActiveCfg = Release|Any CPU
		{E0DBA13B-0D7E-4367-ADA6-62B862D1DFBF}.Release|ARM.Build.0 = Release|Any CPU
		{E0DBA13B-0D7E-4367-ADA6-62B862D1DFBF}.Release|x64.ActiveCfg = Release|Any CPU
		{E0DBA13B-0D7E-4367-ADA6-62B862D1DFBF}.Release|x64.Build.0 = Release|Any CPU
		{E0DBA13B-0D7E-4367-ADA6-62B862D1DFBF}.Release|x86.ActiveCfg = Release|Any CPU
		{E0DBA13B-0D7E-4367-ADA6-62B862D1DFBF}.Release|x86.Build.0 = Release|Any CPU
		{7CBA2F8C-E1A2-4E4D-9F56-92DE7A1890E1}.Debug|Any CPU.ActiveCfg = Debug|Any CPU
		{7CBA2F8C-E1A2-4E4D-9F56-92DE7A1890E1}.Debug|Any CPU.Build.0 = Debug|Any CPU
		{7CBA2F8C-E1A2-4E4D-9F56-92DE7A1890E1}.Debug|ARM.ActiveCfg = Debug|Any CPU
		{7CBA2F8C-E1A2-4E4D-9F56-92DE7A1890E1}.Debug|ARM.Build.0 = Debug|Any CPU
		{7CBA2F8C-E1A2-4E4D-9F56-92DE7A1890E1}.Debug|x64.ActiveCfg = Debug|Any CPU
		{7CBA2F8C-E1A2-4E4D-9F56-92DE7A1890E1}.Debug|x64.Build.0 = Debug|Any CPU
		{7CBA2F8C-E1A2-4E4D-9F56-92DE7A1890E1}.Debug|x86.ActiveCfg = Debug|Any CPU
		{7CBA2F8C-E1A2-4E4D-9F56-92DE7A1890E1}.Debug|x86.Build.0 = Debug|Any CPU
		{7CBA2F8C-E1A2-4E4D-9F56-92DE7A1890E1}.Release|Any CPU.ActiveCfg = Release|Any CPU
		{7CBA2F8C-E1A2-4E4D-9F56-92DE7A1890E1}.Release|Any CPU.Build.0 = Release|Any CPU
		{7CBA2F8C-E1A2-4E4D-9F56-92DE7A1890E1}.Release|ARM.ActiveCfg = Release|Any CPU
		{7CBA2F8C-E1A2-4E4D-9F56-92DE7A1890E1}.Release|ARM.Build.0 = Release|Any CPU
		{7CBA2F8C-E1A2-4E4D-9F56-92DE7A1890E1}.Release|x64.ActiveCfg = Release|Any CPU
		{7CBA2F8C-E1A2-4E4D-9F56-92DE7A1890E1}.Release|x64.Build.0 = Release|Any CPU
		{7CBA2F8C-E1A2-4E4D-9F56-92DE7A1890E1}.Release|x86.ActiveCfg = Release|Any CPU
		{7CBA2F8C-E1A2-4E4D-9F56-92DE7A1890E1}.Release|x86.Build.0 = Release|Any CPU
		{5EFB112B-0A94-4E45-9C4B-8283A1BAC4BC}.Debug|Any CPU.ActiveCfg = Debug|Any CPU
		{5EFB112B-0A94-4E45-9C4B-8283A1BAC4BC}.Debug|Any CPU.Build.0 = Debug|Any CPU
		{5EFB112B-0A94-4E45-9C4B-8283A1BAC4BC}.Debug|ARM.ActiveCfg = Debug|ARM
		{5EFB112B-0A94-4E45-9C4B-8283A1BAC4BC}.Debug|ARM.Build.0 = Debug|ARM
		{5EFB112B-0A94-4E45-9C4B-8283A1BAC4BC}.Debug|x64.ActiveCfg = Debug|x64
		{5EFB112B-0A94-4E45-9C4B-8283A1BAC4BC}.Debug|x64.Build.0 = Debug|x64
		{5EFB112B-0A94-4E45-9C4B-8283A1BAC4BC}.Debug|x86.ActiveCfg = Debug|x86
		{5EFB112B-0A94-4E45-9C4B-8283A1BAC4BC}.Debug|x86.Build.0 = Debug|x86
		{5EFB112B-0A94-4E45-9C4B-8283A1BAC4BC}.Release|Any CPU.ActiveCfg = Release|Any CPU
		{5EFB112B-0A94-4E45-9C4B-8283A1BAC4BC}.Release|Any CPU.Build.0 = Release|Any CPU
		{5EFB112B-0A94-4E45-9C4B-8283A1BAC4BC}.Release|ARM.ActiveCfg = Release|ARM
		{5EFB112B-0A94-4E45-9C4B-8283A1BAC4BC}.Release|ARM.Build.0 = Release|ARM
		{5EFB112B-0A94-4E45-9C4B-8283A1BAC4BC}.Release|x64.ActiveCfg = Release|x64
		{5EFB112B-0A94-4E45-9C4B-8283A1BAC4BC}.Release|x64.Build.0 = Release|x64
		{5EFB112B-0A94-4E45-9C4B-8283A1BAC4BC}.Release|x86.ActiveCfg = Release|x86
		{5EFB112B-0A94-4E45-9C4B-8283A1BAC4BC}.Release|x86.Build.0 = Release|x86
		{E2925484-044C-4E8C-8350-7689D49642C9}.Debug|Any CPU.ActiveCfg = Debug|Any CPU
		{E2925484-044C-4E8C-8350-7689D49642C9}.Debug|Any CPU.Build.0 = Debug|Any CPU
		{E2925484-044C-4E8C-8350-7689D49642C9}.Debug|ARM.ActiveCfg = Debug|ARM
		{E2925484-044C-4E8C-8350-7689D49642C9}.Debug|ARM.Build.0 = Debug|ARM
		{E2925484-044C-4E8C-8350-7689D49642C9}.Debug|x64.ActiveCfg = Debug|x64
		{E2925484-044C-4E8C-8350-7689D49642C9}.Debug|x64.Build.0 = Debug|x64
		{E2925484-044C-4E8C-8350-7689D49642C9}.Debug|x86.ActiveCfg = Debug|x86
		{E2925484-044C-4E8C-8350-7689D49642C9}.Debug|x86.Build.0 = Debug|x86
		{E2925484-044C-4E8C-8350-7689D49642C9}.Release|Any CPU.ActiveCfg = Release|Any CPU
		{E2925484-044C-4E8C-8350-7689D49642C9}.Release|Any CPU.Build.0 = Release|Any CPU
		{E2925484-044C-4E8C-8350-7689D49642C9}.Release|ARM.ActiveCfg = Release|ARM
		{E2925484-044C-4E8C-8350-7689D49642C9}.Release|ARM.Build.0 = Release|ARM
		{E2925484-044C-4E8C-8350-7689D49642C9}.Release|x64.ActiveCfg = Release|x64
		{E2925484-044C-4E8C-8350-7689D49642C9}.Release|x64.Build.0 = Release|x64
		{E2925484-044C-4E8C-8350-7689D49642C9}.Release|x86.ActiveCfg = Release|x86
		{E2925484-044C-4E8C-8350-7689D49642C9}.Release|x86.Build.0 = Release|x86
		{EDBDF01F-74CD-4F00-8AB2-4F399C4E9379}.Debug|Any CPU.ActiveCfg = Debug|Any CPU
		{EDBDF01F-74CD-4F00-8AB2-4F399C4E9379}.Debug|Any CPU.Build.0 = Debug|Any CPU
		{EDBDF01F-74CD-4F00-8AB2-4F399C4E9379}.Debug|ARM.ActiveCfg = Debug|Any CPU
		{EDBDF01F-74CD-4F00-8AB2-4F399C4E9379}.Debug|ARM.Build.0 = Debug|Any CPU
		{EDBDF01F-74CD-4F00-8AB2-4F399C4E9379}.Debug|x64.ActiveCfg = Debug|Any CPU
		{EDBDF01F-74CD-4F00-8AB2-4F399C4E9379}.Debug|x64.Build.0 = Debug|Any CPU
		{EDBDF01F-74CD-4F00-8AB2-4F399C4E9379}.Debug|x86.ActiveCfg = Debug|Any CPU
		{EDBDF01F-74CD-4F00-8AB2-4F399C4E9379}.Debug|x86.Build.0 = Debug|Any CPU
		{EDBDF01F-74CD-4F00-8AB2-4F399C4E9379}.Release|Any CPU.ActiveCfg = Release|Any CPU
		{EDBDF01F-74CD-4F00-8AB2-4F399C4E9379}.Release|Any CPU.Build.0 = Release|Any CPU
		{EDBDF01F-74CD-4F00-8AB2-4F399C4E9379}.Release|ARM.ActiveCfg = Release|Any CPU
		{EDBDF01F-74CD-4F00-8AB2-4F399C4E9379}.Release|ARM.Build.0 = Release|Any CPU
		{EDBDF01F-74CD-4F00-8AB2-4F399C4E9379}.Release|x64.ActiveCfg = Release|Any CPU
		{EDBDF01F-74CD-4F00-8AB2-4F399C4E9379}.Release|x64.Build.0 = Release|Any CPU
		{EDBDF01F-74CD-4F00-8AB2-4F399C4E9379}.Release|x86.ActiveCfg = Release|Any CPU
		{EDBDF01F-74CD-4F00-8AB2-4F399C4E9379}.Release|x86.Build.0 = Release|Any CPU
		{9E1B37DE-C469-4510-90C0-5D06F58BD204}.Debug|Any CPU.ActiveCfg = Debug|Any CPU
		{9E1B37DE-C469-4510-90C0-5D06F58BD204}.Debug|Any CPU.Build.0 = Debug|Any CPU
		{9E1B37DE-C469-4510-90C0-5D06F58BD204}.Debug|ARM.ActiveCfg = Debug|Any CPU
		{9E1B37DE-C469-4510-90C0-5D06F58BD204}.Debug|ARM.Build.0 = Debug|Any CPU
		{9E1B37DE-C469-4510-90C0-5D06F58BD204}.Debug|x64.ActiveCfg = Debug|Any CPU
		{9E1B37DE-C469-4510-90C0-5D06F58BD204}.Debug|x64.Build.0 = Debug|Any CPU
		{9E1B37DE-C469-4510-90C0-5D06F58BD204}.Debug|x86.ActiveCfg = Debug|Any CPU
		{9E1B37DE-C469-4510-90C0-5D06F58BD204}.Debug|x86.Build.0 = Debug|Any CPU
		{9E1B37DE-C469-4510-90C0-5D06F58BD204}.Release|Any CPU.ActiveCfg = Release|Any CPU
		{9E1B37DE-C469-4510-90C0-5D06F58BD204}.Release|Any CPU.Build.0 = Release|Any CPU
		{9E1B37DE-C469-4510-90C0-5D06F58BD204}.Release|ARM.ActiveCfg = Release|Any CPU
		{9E1B37DE-C469-4510-90C0-5D06F58BD204}.Release|ARM.Build.0 = Release|Any CPU
		{9E1B37DE-C469-4510-90C0-5D06F58BD204}.Release|x64.ActiveCfg = Release|Any CPU
		{9E1B37DE-C469-4510-90C0-5D06F58BD204}.Release|x64.Build.0 = Release|Any CPU
		{9E1B37DE-C469-4510-90C0-5D06F58BD204}.Release|x86.ActiveCfg = Release|Any CPU
		{9E1B37DE-C469-4510-90C0-5D06F58BD204}.Release|x86.Build.0 = Release|Any CPU
		{A052D210-DCAC-442A-AFB7-F44511D98B6B}.Debug|Any CPU.ActiveCfg = Debug|Any CPU
		{A052D210-DCAC-442A-AFB7-F44511D98B6B}.Debug|Any CPU.Build.0 = Debug|Any CPU
		{A052D210-DCAC-442A-AFB7-F44511D98B6B}.Debug|ARM.ActiveCfg = Debug|ARM
		{A052D210-DCAC-442A-AFB7-F44511D98B6B}.Debug|ARM.Build.0 = Debug|ARM
		{A052D210-DCAC-442A-AFB7-F44511D98B6B}.Debug|x64.ActiveCfg = Debug|x64
		{A052D210-DCAC-442A-AFB7-F44511D98B6B}.Debug|x64.Build.0 = Debug|x64
		{A052D210-DCAC-442A-AFB7-F44511D98B6B}.Debug|x86.ActiveCfg = Debug|x86
		{A052D210-DCAC-442A-AFB7-F44511D98B6B}.Debug|x86.Build.0 = Debug|x86
		{A052D210-DCAC-442A-AFB7-F44511D98B6B}.Release|Any CPU.ActiveCfg = Release|Any CPU
		{A052D210-DCAC-442A-AFB7-F44511D98B6B}.Release|Any CPU.Build.0 = Release|Any CPU
		{A052D210-DCAC-442A-AFB7-F44511D98B6B}.Release|ARM.ActiveCfg = Release|ARM
		{A052D210-DCAC-442A-AFB7-F44511D98B6B}.Release|ARM.Build.0 = Release|ARM
		{A052D210-DCAC-442A-AFB7-F44511D98B6B}.Release|x64.ActiveCfg = Release|x64
		{A052D210-DCAC-442A-AFB7-F44511D98B6B}.Release|x64.Build.0 = Release|x64
		{A052D210-DCAC-442A-AFB7-F44511D98B6B}.Release|x86.ActiveCfg = Release|x86
		{A052D210-DCAC-442A-AFB7-F44511D98B6B}.Release|x86.Build.0 = Release|x86
		{AEB2A7DE-F4E8-4AB3-AF42-FFAA9524BA66}.Debug|Any CPU.ActiveCfg = Debug|Any CPU
		{AEB2A7DE-F4E8-4AB3-AF42-FFAA9524BA66}.Debug|Any CPU.Build.0 = Debug|Any CPU
		{AEB2A7DE-F4E8-4AB3-AF42-FFAA9524BA66}.Debug|ARM.ActiveCfg = Debug|ARM
		{AEB2A7DE-F4E8-4AB3-AF42-FFAA9524BA66}.Debug|ARM.Build.0 = Debug|ARM
		{AEB2A7DE-F4E8-4AB3-AF42-FFAA9524BA66}.Debug|x64.ActiveCfg = Debug|x64
		{AEB2A7DE-F4E8-4AB3-AF42-FFAA9524BA66}.Debug|x64.Build.0 = Debug|x64
		{AEB2A7DE-F4E8-4AB3-AF42-FFAA9524BA66}.Debug|x86.ActiveCfg = Debug|x86
		{AEB2A7DE-F4E8-4AB3-AF42-FFAA9524BA66}.Debug|x86.Build.0 = Debug|x86
		{AEB2A7DE-F4E8-4AB3-AF42-FFAA9524BA66}.Release|Any CPU.ActiveCfg = Release|Any CPU
		{AEB2A7DE-F4E8-4AB3-AF42-FFAA9524BA66}.Release|Any CPU.Build.0 = Release|Any CPU
		{AEB2A7DE-F4E8-4AB3-AF42-FFAA9524BA66}.Release|ARM.ActiveCfg = Release|ARM
		{AEB2A7DE-F4E8-4AB3-AF42-FFAA9524BA66}.Release|ARM.Build.0 = Release|ARM
		{AEB2A7DE-F4E8-4AB3-AF42-FFAA9524BA66}.Release|x64.ActiveCfg = Release|x64
		{AEB2A7DE-F4E8-4AB3-AF42-FFAA9524BA66}.Release|x64.Build.0 = Release|x64
		{AEB2A7DE-F4E8-4AB3-AF42-FFAA9524BA66}.Release|x86.ActiveCfg = Release|x86
		{AEB2A7DE-F4E8-4AB3-AF42-FFAA9524BA66}.Release|x86.Build.0 = Release|x86
		{CF3DF739-E0BA-4386-8243-B83025899853}.Debug|Any CPU.ActiveCfg = Debug|Any CPU
		{CF3DF739-E0BA-4386-8243-B83025899853}.Debug|Any CPU.Build.0 = Debug|Any CPU
		{CF3DF739-E0BA-4386-8243-B83025899853}.Debug|ARM.ActiveCfg = Debug|Any CPU
		{CF3DF739-E0BA-4386-8243-B83025899853}.Debug|ARM.Build.0 = Debug|Any CPU
		{CF3DF739-E0BA-4386-8243-B83025899853}.Debug|x64.ActiveCfg = Debug|Any CPU
		{CF3DF739-E0BA-4386-8243-B83025899853}.Debug|x64.Build.0 = Debug|Any CPU
		{CF3DF739-E0BA-4386-8243-B83025899853}.Debug|x86.ActiveCfg = Debug|Any CPU
		{CF3DF739-E0BA-4386-8243-B83025899853}.Debug|x86.Build.0 = Debug|Any CPU
		{CF3DF739-E0BA-4386-8243-B83025899853}.Release|Any CPU.ActiveCfg = Release|Any CPU
		{CF3DF739-E0BA-4386-8243-B83025899853}.Release|Any CPU.Build.0 = Release|Any CPU
		{CF3DF739-E0BA-4386-8243-B83025899853}.Release|ARM.ActiveCfg = Release|Any CPU
		{CF3DF739-E0BA-4386-8243-B83025899853}.Release|ARM.Build.0 = Release|Any CPU
		{CF3DF739-E0BA-4386-8243-B83025899853}.Release|x64.ActiveCfg = Release|Any CPU
		{CF3DF739-E0BA-4386-8243-B83025899853}.Release|x64.Build.0 = Release|Any CPU
		{CF3DF739-E0BA-4386-8243-B83025899853}.Release|x86.ActiveCfg = Release|Any CPU
		{CF3DF739-E0BA-4386-8243-B83025899853}.Release|x86.Build.0 = Release|Any CPU
		{F9B5F931-0E12-40CE-83B7-AFA2C9B432B6}.Debug|Any CPU.ActiveCfg = Debug|Any CPU
		{F9B5F931-0E12-40CE-83B7-AFA2C9B432B6}.Debug|Any CPU.Build.0 = Debug|Any CPU
		{F9B5F931-0E12-40CE-83B7-AFA2C9B432B6}.Debug|ARM.ActiveCfg = Debug|Any CPU
		{F9B5F931-0E12-40CE-83B7-AFA2C9B432B6}.Debug|ARM.Build.0 = Debug|Any CPU
		{F9B5F931-0E12-40CE-83B7-AFA2C9B432B6}.Debug|x64.ActiveCfg = Debug|Any CPU
		{F9B5F931-0E12-40CE-83B7-AFA2C9B432B6}.Debug|x64.Build.0 = Debug|Any CPU
		{F9B5F931-0E12-40CE-83B7-AFA2C9B432B6}.Debug|x86.ActiveCfg = Debug|Any CPU
		{F9B5F931-0E12-40CE-83B7-AFA2C9B432B6}.Debug|x86.Build.0 = Debug|Any CPU
		{F9B5F931-0E12-40CE-83B7-AFA2C9B432B6}.Release|Any CPU.ActiveCfg = Release|Any CPU
		{F9B5F931-0E12-40CE-83B7-AFA2C9B432B6}.Release|Any CPU.Build.0 = Release|Any CPU
		{F9B5F931-0E12-40CE-83B7-AFA2C9B432B6}.Release|ARM.ActiveCfg = Release|Any CPU
		{F9B5F931-0E12-40CE-83B7-AFA2C9B432B6}.Release|ARM.Build.0 = Release|Any CPU
		{F9B5F931-0E12-40CE-83B7-AFA2C9B432B6}.Release|x64.ActiveCfg = Release|Any CPU
		{F9B5F931-0E12-40CE-83B7-AFA2C9B432B6}.Release|x64.Build.0 = Release|Any CPU
		{F9B5F931-0E12-40CE-83B7-AFA2C9B432B6}.Release|x86.ActiveCfg = Release|Any CPU
		{F9B5F931-0E12-40CE-83B7-AFA2C9B432B6}.Release|x86.Build.0 = Release|Any CPU
	EndGlobalSection
	GlobalSection(SolutionProperties) = preSolution
		HideSolutionNode = FALSE
	EndGlobalSection
	GlobalSection(NestedProjects) = preSolution
		{E0DBA13B-0D7E-4367-ADA6-62B862D1DFBF} = {237D0366-3DC7-4889-93A7-7F76B7B4AF1F}
		{7CBA2F8C-E1A2-4E4D-9F56-92DE7A1890E1} = {237D0366-3DC7-4889-93A7-7F76B7B4AF1F}
		{5EFB112B-0A94-4E45-9C4B-8283A1BAC4BC} = {9431E7BC-F2A6-4265-BBD8-0E4EF97C2AAC}
		{E2925484-044C-4E8C-8350-7689D49642C9} = {9431E7BC-F2A6-4265-BBD8-0E4EF97C2AAC}
		{9E1B37DE-C469-4510-90C0-5D06F58BD204} = {237D0366-3DC7-4889-93A7-7F76B7B4AF1F}
		{A052D210-DCAC-442A-AFB7-F44511D98B6B} = {9431E7BC-F2A6-4265-BBD8-0E4EF97C2AAC}
		{AEB2A7DE-F4E8-4AB3-AF42-FFAA9524BA66} = {9431E7BC-F2A6-4265-BBD8-0E4EF97C2AAC}
		{CF3DF739-E0BA-4386-8243-B83025899853} = {237D0366-3DC7-4889-93A7-7F76B7B4AF1F}
		{F9B5F931-0E12-40CE-83B7-AFA2C9B432B6} = {237D0366-3DC7-4889-93A7-7F76B7B4AF1F}
	EndGlobalSection
	GlobalSection(ExtensibilityGlobals) = postSolution
		SolutionGuid = {BD0652E7-5F2E-4068-BB38-09127AC17951}
	EndGlobalSection
EndGlobal
